
Microsoft Visual Studio Solution File, Format Version 12.00
# Visual Studio 14
VisualStudioVersion = 14.0.24720.0
MinimumVisualStudioVersion = 10.0.40219.1
Project("{FAE04EC0-301F-11D3-BF4B-00C04F79EFBC}") = "EasyPATH", "EasyPATH\EasyPATH.csproj", "{167E60A2-0EF2-4E07-87FD-4C670AC07206}"
EndProject
Project("{54435603-DBB4-11D2-8724-00A0C9A8B90C}") = "Installer", "Installer\Installer.vdproj", "{A2BA0F2D-0607-4200-B4AC-9E81409A9C6E}"
EndProject
Global
	GlobalSection(SolutionConfigurationPlatforms) = preSolution
		Debug|Any CPU = Debug|Any CPU
		Release|Any CPU = Release|Any CPU
	EndGlobalSection
	GlobalSection(ProjectConfigurationPlatforms) = postSolution
		{167E60A2-0EF2-4E07-87FD-4C670AC07206}.Debug|Any CPU.ActiveCfg = Debug|Any CPU
		{167E60A2-0EF2-4E07-87FD-4C670AC07206}.Debug|Any CPU.Build.0 = Debug|Any CPU
		{167E60A2-0EF2-4E07-87FD-4C670AC07206}.Release|Any CPU.ActiveCfg = Release|Any CPU
		{167E60A2-0EF2-4E07-87FD-4C670AC07206}.Release|Any CPU.Build.0 = Release|Any CPU
		{A2BA0F2D-0607-4200-B4AC-9E81409A9C6E}.Debug|Any CPU.ActiveCfg = Debug
		{A2BA0F2D-0607-4200-B4AC-9E81409A9C6E}.Debug|Any CPU.Build.0 = Debug
		{A2BA0F2D-0607-4200-B4AC-9E81409A9C6E}.Release|Any CPU.ActiveCfg = Release
	EndGlobalSection
	GlobalSection(SolutionProperties) = preSolution
		HideSolutionNode = FALSE
	EndGlobalSection
EndGlobal
